
Microsoft Visual Studio Solution File, Format Version 12.00
# Visual Studio 15
VisualStudioVersion = 15.0.28307.489
MinimumVisualStudioVersion = 10.0.40219.1
Project("{9A19103F-16F7-4668-BE54-9A1E7A4F7556}") = "SPD_Lab3", "SPD_Lab3\SPD_Lab3.csproj", "{1734F624-1066-4084-9FEE-41F4BE150A60}"
EndProject
Project("{FAE04EC0-301F-11D3-BF4B-00C04F79EFBC}") = "SPD_Lab2", "..\SPD_Lab2\SPD_Lab2\SPD_Lab2.csproj", "{7A5538A5-2847-4647-B6B0-6EAEBBFDC810}"
EndProject
Project("{FAE04EC0-301F-11D3-BF4B-00C04F79EFBC}") = "TestingWithRandomData", "TestingWithRandomData\TestingWithRandomData.csproj", "{2D0F97AD-1F45-457F-AEBF-22D3D63AA765}"
EndProject
Global
	GlobalSection(SolutionConfigurationPlatforms) = preSolution
		Debug|Any CPU = Debug|Any CPU
		Release|Any CPU = Release|Any CPU
	EndGlobalSection
	GlobalSection(ProjectConfigurationPlatforms) = postSolution
		{1734F624-1066-4084-9FEE-41F4BE150A60}.Debug|Any CPU.ActiveCfg = Debug|Any CPU
		{1734F624-1066-4084-9FEE-41F4BE150A60}.Debug|Any CPU.Build.0 = Debug|Any CPU
		{1734F624-1066-4084-9FEE-41F4BE150A60}.Release|Any CPU.ActiveCfg = Release|Any CPU
		{1734F624-1066-4084-9FEE-41F4BE150A60}.Release|Any CPU.Build.0 = Release|Any CPU
		{7A5538A5-2847-4647-B6B0-6EAEBBFDC810}.Debug|Any CPU.ActiveCfg = Debug|Any CPU
		{7A5538A5-2847-4647-B6B0-6EAEBBFDC810}.Debug|Any CPU.Build.0 = Debug|Any CPU
		{7A5538A5-2847-4647-B6B0-6EAEBBFDC810}.Release|Any CPU.ActiveCfg = Release|Any CPU
		{7A5538A5-2847-4647-B6B0-6EAEBBFDC810}.Release|Any CPU.Build.0 = Release|Any CPU
		{2D0F97AD-1F45-457F-AEBF-22D3D63AA765}.Debug|Any CPU.ActiveCfg = Debug|Any CPU
		{2D0F97AD-1F45-457F-AEBF-22D3D63AA765}.Debug|Any CPU.Build.0 = Debug|Any CPU
		{2D0F97AD-1F45-457F-AEBF-22D3D63AA765}.Release|Any CPU.ActiveCfg = Release|Any CPU
		{2D0F97AD-1F45-457F-AEBF-22D3D63AA765}.Release|Any CPU.Build.0 = Release|Any CPU
	EndGlobalSection
	GlobalSection(SolutionProperties) = preSolution
		HideSolutionNode = FALSE
	EndGlobalSection
	GlobalSection(ExtensibilityGlobals) = postSolution
		SolutionGuid = {C065515C-E7B9-435F-9C02-2757E6AC7871}
	EndGlobalSection
EndGlobal
